
Microsoft Visual Studio Solution File, Format Version 12.00
# Visual Studio Version 18
VisualStudioVersion = 18.6.11806.211
MinimumVisualStudioVersion = 10.0.40219.1
Project("{FAE04EC0-301F-11D3-BF4B-00C04F79EFBC}") = "TextGame", "TextGameAPI\TextGame.csproj", "{986E591A-4C36-41AD-B088-22EEE987E8F5}"
EndProject
Project("{2150E333-8FDC-42A3-9474-1A3956D46DE8}") = "Элементы решения", "Элементы решения", "{39C488C8-3CA4-42BB-BE68-04AE7C1DB7AA}"
	ProjectSection(SolutionItems) = preProject
		.env = .env
		README.md = README.md
		TODO.txt = TODO.txt
	EndProjectSection
EndProject
Project("{E53339B2-1760-4266-BCC7-CA923CBCF16C}") = "docker-compose", "docker-compose.dcproj", "{81DDED9D-158B-E303-5F62-77A2896D2A5A}"
EndProject
Global
	GlobalSection(SolutionConfigurationPlatforms) = preSolution
		Debug|Any CPU = Debug|Any CPU
		Release|Any CPU = Release|Any CPU
	EndGlobalSection
	GlobalSection(ProjectConfigurationPlatforms) = postSolution
		{986E591A-4C36-41AD-B088-22EEE987E8F5}.Debug|Any CPU.ActiveCfg = Debug|Any CPU
		{986E591A-4C36-41AD-B088-22EEE987E8F5}.Debug|Any CPU.Build.0 = Debug|Any CPU
		{986E591A-4C36-41AD-B088-22EEE987E8F5}.Release|Any CPU.ActiveCfg = Release|Any CPU
		{986E591A-4C36-41AD-B088-22EEE987E8F5}.Release|Any CPU.Build.0 = Release|Any CPU
		{81DDED9D-158B-E303-5F62-77A2896D2A5A}.Debug|Any CPU.ActiveCfg = Debug|Any CPU
		{81DDED9D-158B-E303-5F62-77A2896D2A5A}.Debug|Any CPU.Build.0 = Debug|Any CPU
		{81DDED9D-158B-E303-5F62-77A2896D2A5A}.Release|Any CPU.ActiveCfg = Release|Any CPU
		{81DDED9D-158B-E303-5F62-77A2896D2A5A}.Release|Any CPU.Build.0 = Release|Any CPU
	EndGlobalSection
	GlobalSection(SolutionProperties) = preSolution
		HideSolutionNode = FALSE
	EndGlobalSection
	GlobalSection(ExtensibilityGlobals) = postSolution
		SolutionGuid = {ADB57297-8073-4DFD-8A64-9A87629FA64A}
	EndGlobalSection
EndGlobal
